
Microsoft Visual Studio Solution File, Format Version 12.00
# Visual Studio Version 17
VisualStudioVersion = 17.5.33424.131
MinimumVisualStudioVersion = 10.0.40219.1
Project("{FAE04EC0-301F-11D3-BF4B-00C04F79EFBC}") = "C38_DapperExercise", "C38DapperDemo\C38_DapperExercise.csproj", "{1A17298C-04BA-4312-A13E-C307A20DFB63}"
EndProject
Global
	GlobalSection(SolutionConfigurationPlatforms) = preSolution
		Debug|Any CPU = Debug|Any CPU
		Release|Any CPU = Release|Any CPU
	EndGlobalSection
	GlobalSection(ProjectConfigurationPlatforms) = postSolution
		{1A17298C-04BA-4312-A13E-C307A20DFB63}.Debug|Any CPU.ActiveCfg = Debug|Any CPU
		{1A17298C-04BA-4312-A13E-C307A20DFB63}.Debug|Any CPU.Build.0 = Debug|Any CPU
		{1A17298C-04BA-4312-A13E-C307A20DFB63}.Release|Any CPU.ActiveCfg = Release|Any CPU
		{1A17298C-04BA-4312-A13E-C307A20DFB63}.Release|Any CPU.Build.0 = Release|Any CPU
	EndGlobalSection
	GlobalSection(SolutionProperties) = preSolution
		HideSolutionNode = FALSE
	EndGlobalSection
	GlobalSection(ExtensibilityGlobals) = postSolution
		SolutionGuid = {92566768-C723-4EF6-B4A9-D9CEC857278A}
	EndGlobalSection
EndGlobal
